// !$*UTF8*$!
{
	archiveVersion = 1;
	classes = {
	};
	objectVersion = 50;
	objects = {

/* Begin PBXBuildFile section */
		71CE4B2820A7063900E63809 /* SAVReference.swift in Sources */ = {isa = PBXBuildFile; fileRef = 71CE4B2720A7063900E63809 /* SAVReference.swift */; };
		71D1685B208CBB4F0094A2DB /* AppDelegate.swift in Sources */ = {isa = PBXBuildFile; fileRef = 71D1685A208CBB4F0094A2DB /* AppDelegate.swift */; };
		71D16860208CBB4F0094A2DB /* Main.storyboard in Resources */ = {isa = PBXBuildFile; fileRef = 71D1685E208CBB4F0094A2DB /* Main.storyboard */; };
		71D16862208CBB500094A2DB /* Assets.xcassets in Resources */ = {isa = PBXBuildFile; fileRef = 71D16861208CBB500094A2DB /* Assets.xcassets */; };
		71D16865208CBB500094A2DB /* LaunchScreen.storyboard in Resources */ = {isa = PBXBuildFile; fileRef = 71D16863208CBB500094A2DB /* LaunchScreen.storyboard */; };
		71D16870208CBB500094A2DB /* SAVTests.swift in Sources */ = {isa = PBXBuildFile; fileRef = 71D1686F208CBB500094A2DB /* SAVTests.swift */; };
		71D1687B208CBB500094A2DB /* SAVUITests.swift in Sources */ = {isa = PBXBuildFile; fileRef = 71D1687A208CBB500094A2DB /* SAVUITests.swift */; };
		71D16894208CBD410094A2DB /* BaseCoordinator.swift in Sources */ = {isa = PBXBuildFile; fileRef = 71D16892208CBD410094A2DB /* BaseCoordinator.swift */; };
		71D16895208CBD410094A2DB /* Coordinator.swift in Sources */ = {isa = PBXBuildFile; fileRef = 71D16893208CBD410094A2DB /* Coordinator.swift */; };
		71D16897208CBDAB0094A2DB /* AppCoordinator.swift in Sources */ = {isa = PBXBuildFile; fileRef = 71D16896208CBDAB0094A2DB /* AppCoordinator.swift */; };
		972360D9A1F24D716217C980 /* Pods_Hogshead_SAV.framework in Frameworks */ = {isa = PBXBuildFile; fileRef = 7E0ABA317C9DA2BD4CD53589 /* Pods_Hogshead_SAV.framework */; };
		CD0C7D82726E79B718687963 /* Pods_SAVTests.framework in Frameworks */ = {isa = PBXBuildFile; fileRef = 9A9E844F927F545FB2A64BD9 /* Pods_SAVTests.framework */; };
		E438EEB34AD061A19AD3A821 /* Pods_SAVUITests.framework in Frameworks */ = {isa = PBXBuildFile; fileRef = A088687A508E2CBBFE574AC2 /* Pods_SAVUITests.framework */; };
/* End PBXBuildFile section */

/* Begin PBXContainerItemProxy section */
		71D1686C208CBB500094A2DB /* PBXContainerItemProxy */ = {
			isa = PBXContainerItemProxy;
			containerPortal = 71D1684F208CBB4F0094A2DB /* Project object */;
			proxyType = 1;
			remoteGlobalIDString = 71D16856208CBB4F0094A2DB;
			remoteInfo = SAV;
		};
		71D16877208CBB500094A2DB /* PBXContainerItemProxy */ = {
			isa = PBXContainerItemProxy;
			containerPortal = 71D1684F208CBB4F0094A2DB /* Project object */;
			proxyType = 1;
			remoteGlobalIDString = 71D16856208CBB4F0094A2DB;
			remoteInfo = SAV;
		};
/* End PBXContainerItemProxy section */

/* Begin PBXFileReference section */
		15484E4940263915A0980913 /* Pods-Hogshead-SAV.debug.xcconfig */ = {isa = PBXFileReference; includeInIndex = 1; lastKnownFileType = text.xcconfig; name = "Pods-Hogshead-SAV.debug.xcconfig"; path = "Pods/Target Support Files/Pods-Hogshead-SAV/Pods-Hogshead-SAV.debug.xcconfig"; sourceTree = "<group>"; };
		260F5B0D3EB01908B50E8F75 /* Pods-SAVUITests.release.xcconfig */ = {isa = PBXFileReference; includeInIndex = 1; lastKnownFileType = text.xcconfig; name = "Pods-SAVUITests.release.xcconfig"; path = "Pods/Target Support Files/Pods-SAVUITests/Pods-SAVUITests.release.xcconfig"; sourceTree = "<group>"; };
		360504BADC738038C1F8843B /* Pods-SAVTests.debug.xcconfig */ = {isa = PBXFileReference; includeInIndex = 1; lastKnownFileType = text.xcconfig; name = "Pods-SAVTests.debug.xcconfig"; path = "Pods/Target Support Files/Pods-SAVTests/Pods-SAVTests.debug.xcconfig"; sourceTree = "<group>"; };
		5EC6100C2CDFADC7AD155D45 /* Pods-Hogshead-SAV.release.xcconfig */ = {isa = PBXFileReference; includeInIndex = 1; lastKnownFileType = text.xcconfig; name = "Pods-Hogshead-SAV.release.xcconfig"; path = "Pods/Target Support Files/Pods-Hogshead-SAV/Pods-Hogshead-SAV.release.xcconfig"; sourceTree = "<group>"; };
		71CE4B2720A7063900E63809 /* SAVReference.swift */ = {isa = PBXFileReference; lastKnownFileType = sourcecode.swift; path = SAVReference.swift; sourceTree = "<group>"; };
		71D16857208CBB4F0094A2DB /* SAV.app */ = {isa = PBXFileReference; explicitFileType = wrapper.application; includeInIndex = 0; path = SAV.app; sourceTree = BUILT_PRODUCTS_DIR; };
		71D1685A208CBB4F0094A2DB /* AppDelegate.swift */ = {isa = PBXFileReference; lastKnownFileType = sourcecode.swift; path = AppDelegate.swift; sourceTree = "<group>"; };
		71D1685F208CBB4F0094A2DB /* Base */ = {isa = PBXFileReference; lastKnownFileType = file.storyboard; name = Base; path = Base.lproj/Main.storyboard; sourceTree = "<group>"; };
		71D16861208CBB500094A2DB /* Assets.xcassets */ = {isa = PBXFileReference; lastKnownFileType = folder.assetcatalog; path = Assets.xcassets; sourceTree = "<group>"; };
		71D16864208CBB500094A2DB /* Base */ = {isa = PBXFileReference; lastKnownFileType = file.storyboard; name = Base; path = Base.lproj/LaunchScreen.storyboard; sourceTree = "<group>"; };
		71D16866208CBB500094A2DB /* Info.plist */ = {isa = PBXFileReference; lastKnownFileType = text.plist.xml; path = Info.plist; sourceTree = "<group>"; };
		71D1686B208CBB500094A2DB /* SAVTests.xctest */ = {isa = PBXFileReference; explicitFileType = wrapper.cfbundle; includeInIndex = 0; path = SAVTests.xctest; sourceTree = BUILT_PRODUCTS_DIR; };
		71D1686F208CBB500094A2DB /* SAVTests.swift */ = {isa = PBXFileReference; lastKnownFileType = sourcecode.swift; path = SAVTests.swift; sourceTree = "<group>"; };
		71D16871208CBB500094A2DB /* Info.plist */ = {isa = PBXFileReference; lastKnownFileType = text.plist.xml; path = Info.plist; sourceTree = "<group>"; };
		71D16876208CBB500094A2DB /* SAVUITests.xctest */ = {isa = PBXFileReference; explicitFileType = wrapper.cfbundle; includeInIndex = 0; path = SAVUITests.xctest; sourceTree = BUILT_PRODUCTS_DIR; };
		71D1687A208CBB500094A2DB /* SAVUITests.swift */ = {isa = PBXFileReference; lastKnownFileType = sourcecode.swift; path = SAVUITests.swift; sourceTree = "<group>"; };
		71D1687C208CBB510094A2DB /* Info.plist */ = {isa = PBXFileReference; lastKnownFileType = text.plist.xml; path = Info.plist; sourceTree = "<group>"; };
		71D16892208CBD410094A2DB /* BaseCoordinator.swift */ = {isa = PBXFileReference; fileEncoding = 4; lastKnownFileType = sourcecode.swift; path = BaseCoordinator.swift; sourceTree = "<group>"; };
		71D16893208CBD410094A2DB /* Coordinator.swift */ = {isa = PBXFileReference; fileEncoding = 4; lastKnownFileType = sourcecode.swift; path = Coordinator.swift; sourceTree = "<group>"; };
		71D16896208CBDAB0094A2DB /* AppCoordinator.swift */ = {isa = PBXFileReference; lastKnownFileType = sourcecode.swift; path = AppCoordinator.swift; sourceTree = "<group>"; };
		751C831500B0F7B750535F5B /* Pods-SAVTests.release.xcconfig */ = {isa = PBXFileReference; includeInIndex = 1; lastKnownFileType = text.xcconfig; name = "Pods-SAVTests.release.xcconfig"; path = "Pods/Target Support Files/Pods-SAVTests/Pods-SAVTests.release.xcconfig"; sourceTree = "<group>"; };
		753F0759CD1661384BDBEE8F /* Pods-SAVUITests.debug.xcconfig */ = {isa = PBXFileReference; includeInIndex = 1; lastKnownFileType = text.xcconfig; name = "Pods-SAVUITests.debug.xcconfig"; path = "Pods/Target Support Files/Pods-SAVUITests/Pods-SAVUITests.debug.xcconfig"; sourceTree = "<group>"; };
		7E0ABA317C9DA2BD4CD53589 /* Pods_Hogshead_SAV.framework */ = {isa = PBXFileReference; explicitFileType = wrapper.framework; includeInIndex = 0; path = Pods_Hogshead_SAV.framework; sourceTree = BUILT_PRODUCTS_DIR; };
		9A9E844F927F545FB2A64BD9 /* Pods_SAVTests.framework */ = {isa = PBXFileReference; explicitFileType = wrapper.framework; includeInIndex = 0; path = Pods_SAVTests.framework; sourceTree = BUILT_PRODUCTS_DIR; };
		A088687A508E2CBBFE574AC2 /* Pods_SAVUITests.framework */ = {isa = PBXFileReference; explicitFileType = wrapper.framework; includeInIndex = 0; path = Pods_SAVUITests.framework; sourceTree = BUILT_PRODUCTS_DIR; };
/* End PBXFileReference section */

/* Begin PBXFrameworksBuildPhase section */
		71D16854208CBB4F0094A2DB /* Frameworks */ = {
			isa = PBXFrameworksBuildPhase;
			buildActionMask = 2147483647;
			files = (
				972360D9A1F24D716217C980 /* Pods_Hogshead_SAV.framework in Frameworks */,
			);
			runOnlyForDeploymentPostprocessing = 0;
		};
		71D16868208CBB500094A2DB /* Frameworks */ = {
			isa = PBXFrameworksBuildPhase;
			buildActionMask = 2147483647;
			files = (
				CD0C7D82726E79B718687963 /* Pods_SAVTests.framework in Frameworks */,
			);
			runOnlyForDeploymentPostprocessing = 0;
		};
		71D16873208CBB500094A2DB /* Frameworks */ = {
			isa = PBXFrameworksBuildPhase;
			buildActionMask = 2147483647;
			files = (
				E438EEB34AD061A19AD3A821 /* Pods_SAVUITests.framework in Frameworks */,
			);
			runOnlyForDeploymentPostprocessing = 0;
		};
/* End PBXFrameworksBuildPhase section */

/* Begin PBXGroup section */
		3C30E77ED290E50605626CF4 /* Pods */ = {
			isa = PBXGroup;
			children = (
				15484E4940263915A0980913 /* Pods-Hogshead-SAV.debug.xcconfig */,
				5EC6100C2CDFADC7AD155D45 /* Pods-Hogshead-SAV.release.xcconfig */,
				360504BADC738038C1F8843B /* Pods-SAVTests.debug.xcconfig */,
				751C831500B0F7B750535F5B /* Pods-SAVTests.release.xcconfig */,
				753F0759CD1661384BDBEE8F /* Pods-SAVUITests.debug.xcconfig */,
				260F5B0D3EB01908B50E8F75 /* Pods-SAVUITests.release.xcconfig */,
			);
			name = Pods;
			sourceTree = "<group>";
		};
		71CE4B2220A4395300E63809 /* Database */ = {
			isa = PBXGroup;
			children = (
				71CE4B2720A7063900E63809 /* SAVReference.swift */,
			);
			path = Database;
			sourceTree = "<group>";
		};
		71D1684E208CBB4F0094A2DB = {
			isa = PBXGroup;
			children = (
				71D16859208CBB4F0094A2DB /* SAV */,
				71D1686E208CBB500094A2DB /* SAVTests */,
				71D16879208CBB500094A2DB /* SAVUITests */,
				71D16858208CBB4F0094A2DB /* Products */,
				3C30E77ED290E50605626CF4 /* Pods */,
				E97AEE61E0AA86C6EE827778 /* Frameworks */,
			);
			sourceTree = "<group>";
		};
		71D16858208CBB4F0094A2DB /* Products */ = {
			isa = PBXGroup;
			children = (
				71D16857208CBB4F0094A2DB /* SAV.app */,
				71D1686B208CBB500094A2DB /* SAVTests.xctest */,
				71D16876208CBB500094A2DB /* SAVUITests.xctest */,
			);
			name = Products;
			sourceTree = "<group>";
		};
		71D16859208CBB4F0094A2DB /* SAV */ = {
			isa = PBXGroup;
			children = (
				71D1685A208CBB4F0094A2DB /* AppDelegate.swift */,
				71D16888208CBC200094A2DB /* Assets */,
				71D16891208CBD410094A2DB /* Coordinators */,
				71CE4B2220A4395300E63809 /* Database */,
				71D16866208CBB500094A2DB /* Info.plist */,
			);
			path = SAV;
			sourceTree = "<group>";
		};
		71D1686E208CBB500094A2DB /* SAVTests */ = {
			isa = PBXGroup;
			children = (
				71D1686F208CBB500094A2DB /* SAVTests.swift */,
				71D16871208CBB500094A2DB /* Info.plist */,
			);
			path = SAVTests;
			sourceTree = "<group>";
		};
		71D16879208CBB500094A2DB /* SAVUITests */ = {
			isa = PBXGroup;
			children = (
				71D1687A208CBB500094A2DB /* SAVUITests.swift */,
				71D1687C208CBB510094A2DB /* Info.plist */,
			);
			path = SAVUITests;
			sourceTree = "<group>";
		};
		71D16888208CBC200094A2DB /* Assets */ = {
			isa = PBXGroup;
			children = (
				71D16861208CBB500094A2DB /* Assets.xcassets */,
				71D1685E208CBB4F0094A2DB /* Main.storyboard */,
				71D16863208CBB500094A2DB /* LaunchScreen.storyboard */,
			);
			path = Assets;
			sourceTree = "<group>";
		};
		71D16891208CBD410094A2DB /* Coordinators */ = {
			isa = PBXGroup;
			children = (
				71D16896208CBDAB0094A2DB /* AppCoordinator.swift */,
				71D16892208CBD410094A2DB /* BaseCoordinator.swift */,
				71D16893208CBD410094A2DB /* Coordinator.swift */,
			);
			path = Coordinators;
			sourceTree = "<group>";
		};
		E97AEE61E0AA86C6EE827778 /* Frameworks */ = {
			isa = PBXGroup;
			children = (
				7E0ABA317C9DA2BD4CD53589 /* Pods_Hogshead_SAV.framework */,
				9A9E844F927F545FB2A64BD9 /* Pods_SAVTests.framework */,
				A088687A508E2CBBFE574AC2 /* Pods_SAVUITests.framework */,
			);
			name = Frameworks;
			sourceTree = "<group>";
		};
/* End PBXGroup section */

/* Begin PBXNativeTarget section */
		71D16856208CBB4F0094A2DB /* SAV */ = {
			isa = PBXNativeTarget;
			buildConfigurationList = 71D1687F208CBB510094A2DB /* Build configuration list for PBXNativeTarget "SAV" */;
			buildPhases = (
				AB1AD483722CE9028D0A5B34 /* [CP] Check Pods Manifest.lock */,
				71D16853208CBB4F0094A2DB /* Sources */,
				71D16854208CBB4F0094A2DB /* Frameworks */,
				71D16855208CBB4F0094A2DB /* Resources */,
				CAAFBAF5D3D8B89F8E3C0B97 /* [CP] Embed Pods Frameworks */,
			);
			buildRules = (
			);
			dependencies = (
			);
			name = SAV;
			productName = SAV;
			productReference = 71D16857208CBB4F0094A2DB /* SAV.app */;
			productType = "com.apple.product-type.application";
		};
		71D1686A208CBB500094A2DB /* SAVTests */ = {
			isa = PBXNativeTarget;
			buildConfigurationList = 71D16882208CBB510094A2DB /* Build configuration list for PBXNativeTarget "SAVTests" */;
			buildPhases = (
				DE9C649A75D8916FBE416AAB /* [CP] Check Pods Manifest.lock */,
				71D16867208CBB500094A2DB /* Sources */,
				71D16868208CBB500094A2DB /* Frameworks */,
				71D16869208CBB500094A2DB /* Resources */,
			);
			buildRules = (
			);
			dependencies = (
				71D1686D208CBB500094A2DB /* PBXTargetDependency */,
			);
			name = SAVTests;
			productName = SAVTests;
			productReference = 71D1686B208CBB500094A2DB /* SAVTests.xctest */;
			productType = "com.apple.product-type.bundle.unit-test";
		};
		71D16875208CBB500094A2DB /* SAVUITests */ = {
			isa = PBXNativeTarget;
			buildConfigurationList = 71D16885208CBB510094A2DB /* Build configuration list for PBXNativeTarget "SAVUITests" */;
			buildPhases = (
				4F1F65022B937622B81D1C89 /* [CP] Check Pods Manifest.lock */,
				71D16872208CBB500094A2DB /* Sources */,
				71D16873208CBB500094A2DB /* Frameworks */,
				71D16874208CBB500094A2DB /* Resources */,
			);
			buildRules = (
			);
			dependencies = (
				71D16878208CBB500094A2DB /* PBXTargetDependency */,
			);
			name = SAVUITests;
			productName = SAVUITests;
			productReference = 71D16876208CBB500094A2DB /* SAVUITests.xctest */;
			productType = "com.apple.product-type.bundle.ui-testing";
		};
/* End PBXNativeTarget section */

/* Begin PBXProject section */
		71D1684F208CBB4F0094A2DB /* Project object */ = {
			isa = PBXProject;
			attributes = {
				LastSwiftUpdateCheck = 0930;
				LastUpgradeCheck = 0930;
				ORGANIZATIONNAME = "Ray Tso";
				TargetAttributes = {
					71D16856208CBB4F0094A2DB = {
						CreatedOnToolsVersion = 9.3;
					};
					71D1686A208CBB500094A2DB = {
						CreatedOnToolsVersion = 9.3;
						TestTargetID = 71D16856208CBB4F0094A2DB;
					};
					71D16875208CBB500094A2DB = {
						CreatedOnToolsVersion = 9.3;
						TestTargetID = 71D16856208CBB4F0094A2DB;
					};
				};
			};
			buildConfigurationList = 71D16852208CBB4F0094A2DB /* Build configuration list for PBXProject "SAV" */;
			compatibilityVersion = "Xcode 9.3";
			developmentRegion = en;
			hasScannedForEncodings = 0;
			knownRegions = (
				en,
				Base,
			);
			mainGroup = 71D1684E208CBB4F0094A2DB;
			productRefGroup = 71D16858208CBB4F0094A2DB /* Products */;
			projectDirPath = "";
			projectRoot = "";
			targets = (
				71D16856208CBB4F0094A2DB /* SAV */,
				71D1686A208CBB500094A2DB /* SAVTests */,
				71D16875208CBB500094A2DB /* SAVUITests */,
			);
		};
/* End PBXProject section */

/* Begin PBXResourcesBuildPhase section */
		71D16855208CBB4F0094A2DB /* Resources */ = {
			isa = PBXResourcesBuildPhase;
			buildActionMask = 2147483647;
			files = (
				71D16865208CBB500094A2DB /* LaunchScreen.storyboard in Resources */,
				71D16862208CBB500094A2DB /* Assets.xcassets in Resources */,
				71D16860208CBB4F0094A2DB /* Main.storyboard in Resources */,
			);
			runOnlyForDeploymentPostprocessing = 0;
		};
		71D16869208CBB500094A2DB /* Resources */ = {
			isa = PBXResourcesBuildPhase;
			buildActionMask = 2147483647;
			files = (
			);
			runOnlyForDeploymentPostprocessing = 0;
		};
		71D16874208CBB500094A2DB /* Resources */ = {
			isa = PBXResourcesBuildPhase;
			buildActionMask = 2147483647;
			files = (
			);
			runOnlyForDeploymentPostprocessing = 0;
		};
/* End PBXResourcesBuildPhase section */

/* Begin PBXShellScriptBuildPhase section */
		4F1F65022B937622B81D1C89 /* [CP] Check Pods Manifest.lock */ = {
			isa = PBXShellScriptBuildPhase;
			buildActionMask = 2147483647;
			files = (
			);
			inputPaths = (
				"${PODS_PODFILE_DIR_PATH}/Podfile.lock",
				"${PODS_ROOT}/Manifest.lock",
			);
			name = "[CP] Check Pods Manifest.lock";
			outputPaths = (
				"$(DERIVED_FILE_DIR)/Pods-SAVUITests-checkManifestLockResult.txt",
			);
			runOnlyForDeploymentPostprocessing = 0;
			shellPath = /bin/sh;
			shellScript = "diff \"${PODS_PODFILE_DIR_PATH}/Podfile.lock\" \"${PODS_ROOT}/Manifest.lock\" > /dev/null\nif [ $? != 0 ] ; then\n    # print error to STDERR\n    echo \"error: The sandbox is not in sync with the Podfile.lock. Run 'pod install' or update your CocoaPods installation.\" >&2\n    exit 1\nfi\n# This output is used by Xcode 'outputs' to avoid re-running this script phase.\necho \"SUCCESS\" > \"${SCRIPT_OUTPUT_FILE_0}\"\n";
			showEnvVarsInLog = 0;
		};
		AB1AD483722CE9028D0A5B34 /* [CP] Check Pods Manifest.lock */ = {
			isa = PBXShellScriptBuildPhase;
			buildActionMask = 2147483647;
			files = (
			);
			inputPaths = (
				"${PODS_PODFILE_DIR_PATH}/Podfile.lock",
				"${PODS_ROOT}/Manifest.lock",
			);
			name = "[CP] Check Pods Manifest.lock";
			outputPaths = (
				"$(DERIVED_FILE_DIR)/Pods-Hogshead-SAV-checkManifestLockResult.txt",
			);
			runOnlyForDeploymentPostprocessing = 0;
			shellPath = /bin/sh;
			shellScript = "diff \"${PODS_PODFILE_DIR_PATH}/Podfile.lock\" \"${PODS_ROOT}/Manifest.lock\" > /dev/null\nif [ $? != 0 ] ; then\n    # print error to STDERR\n    echo \"error: The sandbox is not in sync with the Podfile.lock. Run 'pod install' or update your CocoaPods installation.\" >&2\n    exit 1\nfi\n# This output is used by Xcode 'outputs' to avoid re-running this script phase.\necho \"SUCCESS\" > \"${SCRIPT_OUTPUT_FILE_0}\"\n";
			showEnvVarsInLog = 0;
		};
		CAAFBAF5D3D8B89F8E3C0B97 /* [CP] Embed Pods Frameworks */ = {
			isa = PBXShellScriptBuildPhase;
			buildActionMask = 2147483647;
			files = (
			);
			inputPaths = (
				"${SRCROOT}/Pods/Target Support Files/Pods-Hogshead-SAV/Pods-Hogshead-SAV-frameworks.sh",
				"${BUILT_PRODUCTS_DIR}/Differentiator/Differentiator.framework",
				"${BUILT_PRODUCTS_DIR}/RxCocoa/RxCocoa.framework",
				"${BUILT_PRODUCTS_DIR}/RxDataSources/RxDataSources.framework",
				"${BUILT_PRODUCTS_DIR}/RxSwift/RxSwift.framework",
				"${BUILT_PRODUCTS_DIR}/Swinject/Swinject.framework",
				"${BUILT_PRODUCTS_DIR}/SwinjectStoryboard/SwinjectStoryboard.framework",
			);
			name = "[CP] Embed Pods Frameworks";
			outputPaths = (
				"${TARGET_BUILD_DIR}/${FRAMEWORKS_FOLDER_PATH}/Differentiator.framework",
				"${TARGET_BUILD_DIR}/${FRAMEWORKS_FOLDER_PATH}/RxCocoa.framework",
				"${TARGET_BUILD_DIR}/${FRAMEWORKS_FOLDER_PATH}/RxDataSources.framework",
				"${TARGET_BUILD_DIR}/${FRAMEWORKS_FOLDER_PATH}/RxSwift.framework",
				"${TARGET_BUILD_DIR}/${FRAMEWORKS_FOLDER_PATH}/Swinject.framework",
				"${TARGET_BUILD_DIR}/${FRAMEWORKS_FOLDER_PATH}/SwinjectStoryboard.framework",
			);
			runOnlyForDeploymentPostprocessing = 0;
			shellPath = /bin/sh;
			shellScript = "\"${SRCROOT}/Pods/Target Support Files/Pods-Hogshead-SAV/Pods-Hogshead-SAV-frameworks.sh\"\n";
			showEnvVarsInLog = 0;
		};
		DE9C649A75D8916FBE416AAB /* [CP] Check Pods Manifest.lock */ = {
			isa = PBXShellScriptBuildPhase;
			buildActionMask = 2147483647;
			files = (
			);
			inputPaths = (
				"${PODS_PODFILE_DIR_PATH}/Podfile.lock",
				"${PODS_ROOT}/Manifest.lock",
			);
			name = "[CP] Check Pods Manifest.lock";
			outputPaths = (
				"$(DERIVED_FILE_DIR)/Pods-SAVTests-checkManifestLockResult.txt",
			);
			runOnlyForDeploymentPostprocessing = 0;
			shellPath = /bin/sh;
			shellScript = "diff \"${PODS_PODFILE_DIR_PATH}/Podfile.lock\" \"${PODS_ROOT}/Manifest.lock\" > /dev/null\nif [ $? != 0 ] ; then\n    # print error to STDERR\n    echo \"error: The sandbox is not in sync with the Podfile.lock. Run 'pod install' or update your CocoaPods installation.\" >&2\n    exit 1\nfi\n# This output is used by Xcode 'outputs' to avoid re-running this script phase.\necho \"SUCCESS\" > \"${SCRIPT_OUTPUT_FILE_0}\"\n";
			showEnvVarsInLog = 0;
		};
/* End PBXShellScriptBuildPhase section */

/* Begin PBXSourcesBuildPhase section */
		71D16853208CBB4F0094A2DB /* Sources */ = {
			isa = PBXSourcesBuildPhase;
			buildActionMask = 2147483647;
			files = (
				71D16897208CBDAB0094A2DB /* AppCoordinator.swift in Sources */,
				71D1685B208CBB4F0094A2DB /* AppDelegate.swift in Sources */,
				71CE4B2820A7063900E63809 /* SAVReference.swift in Sources */,
				71D16894208CBD410094A2DB /* BaseCoordinator.swift in Sources */,
				71D16895208CBD410094A2DB /* Coordinator.swift in Sources */,
			);
			runOnlyForDeploymentPostprocessing = 0;
		};
		71D16867208CBB500094A2DB /* Sources */ = {
			isa = PBXSourcesBuildPhase;
			buildActionMask = 2147483647;
			files = (
				71D16870208CBB500094A2DB /* SAVTests.swift in Sources */,
			);
			runOnlyForDeploymentPostprocessing = 0;
		};
		71D16872208CBB500094A2DB /* Sources */ = {
			isa = PBXSourcesBuildPhase;
			buildActionMask = 2147483647;
			files = (
				71D1687B208CBB500094A2DB /* SAVUITests.swift in Sources */,
			);
			runOnlyForDeploymentPostprocessing = 0;
		};
/* End PBXSourcesBuildPhase section */

/* Begin PBXTargetDependency section */
		71D1686D208CBB500094A2DB /* PBXTargetDependency */ = {
			isa = PBXTargetDependency;
			target = 71D16856208CBB4F0094A2DB /* SAV */;
			targetProxy = 71D1686C208CBB500094A2DB /* PBXContainerItemProxy */;
		};
		71D16878208CBB500094A2DB /* PBXTargetDependency */ = {
			isa = PBXTargetDependency;
			target = 71D16856208CBB4F0094A2DB /* SAV */;
			targetProxy = 71D16877208CBB500094A2DB /* PBXContainerItemProxy */;
		};
/* End PBXTargetDependency section */

/* Begin PBXVariantGroup section */
		71D1685E208CBB4F0094A2DB /* Main.storyboard */ = {
			isa = PBXVariantGroup;
			children = (
				71D1685F208CBB4F0094A2DB /* Base */,
			);
			name = Main.storyboard;
			sourceTree = "<group>";
		};
		71D16863208CBB500094A2DB /* LaunchScreen.storyboard */ = {
			isa = PBXVariantGroup;
			children = (
				71D16864208CBB500094A2DB /* Base */,
			);
			name = LaunchScreen.storyboard;
			sourceTree = "<group>";
		};
/* End PBXVariantGroup section */

/* Begin XCBuildConfiguration section */
		71D1687D208CBB510094A2DB /* Debug */ = {
			isa = XCBuildConfiguration;
			buildSettings = {
				ALWAYS_SEARCH_USER_PATHS = NO;
				CLANG_ANALYZER_NONNULL = YES;
				CLANG_ANALYZER_NUMBER_OBJECT_CONVERSION = YES_AGGRESSIVE;
				CLANG_CXX_LANGUAGE_STANDARD = "gnu++14";
				CLANG_CXX_LIBRARY = "libc++";
				CLANG_ENABLE_MODULES = YES;
				CLANG_ENABLE_OBJC_ARC = YES;
				CLANG_ENABLE_OBJC_WEAK = YES;
				CLANG_WARN_BLOCK_CAPTURE_AUTORELEASING = YES;
				CLANG_WARN_BOOL_CONVERSION = YES;
				CLANG_WARN_COMMA = YES;
				CLANG_WARN_CONSTANT_CONVERSION = YES;
				CLANG_WARN_DEPRECATED_OBJC_IMPLEMENTATIONS = YES;
				CLANG_WARN_DIRECT_OBJC_ISA_USAGE = YES_ERROR;
				CLANG_WARN_DOCUMENTATION_COMMENTS = YES;
				CLANG_WARN_EMPTY_BODY = YES;
				CLANG_WARN_ENUM_CONVERSION = YES;
				CLANG_WARN_INFINITE_RECURSION = YES;
				CLANG_WARN_INT_CONVERSION = YES;
				CLANG_WARN_NON_LITERAL_NULL_CONVERSION = YES;
				CLANG_WARN_OBJC_IMPLICIT_RETAIN_SELF = YES;
				CLANG_WARN_OBJC_LITERAL_CONVERSION = YES;
				CLANG_WARN_OBJC_ROOT_CLASS = YES_ERROR;
				CLANG_WARN_RANGE_LOOP_ANALYSIS = YES;
				CLANG_WARN_STRICT_PROTOTYPES = YES;
				CLANG_WARN_SUSPICIOUS_MOVE = YES;
				CLANG_WARN_UNGUARDED_AVAILABILITY = YES_AGGRESSIVE;
				CLANG_WARN_UNREACHABLE_CODE = YES;
				CLANG_WARN__DUPLICATE_METHOD_MATCH = YES;
				CODE_SIGN_IDENTITY = "iPhone Developer";
				COPY_PHASE_STRIP = NO;
				DEBUG_INFORMATION_FORMAT = dwarf;
				ENABLE_STRICT_OBJC_MSGSEND = YES;
				ENABLE_TESTABILITY = YES;
				GCC_C_LANGUAGE_STANDARD = gnu11;
				GCC_DYNAMIC_NO_PIC = NO;
				GCC_NO_COMMON_BLOCKS = YES;
				GCC_OPTIMIZATION_LEVEL = 0;
				GCC_PREPROCESSOR_DEFINITIONS = (
					"DEBUG=1",
					"$(inherited)",
				);
				GCC_WARN_64_TO_32_BIT_CONVERSION = YES;
				GCC_WARN_ABOUT_RETURN_TYPE = YES_ERROR;
				GCC_WARN_UNDECLARED_SELECTOR = YES;
				GCC_WARN_UNINITIALIZED_AUTOS = YES_AGGRESSIVE;
				GCC_WARN_UNUSED_FUNCTION = YES;
				GCC_WARN_UNUSED_VARIABLE = YES;
				IPHONEOS_DEPLOYMENT_TARGET = 11.3;
				MTL_ENABLE_DEBUG_INFO = YES;
				ONLY_ACTIVE_ARCH = YES;
				SDKROOT = iphoneos;
				SWIFT_ACTIVE_COMPILATION_CONDITIONS = DEBUG;
				SWIFT_OPTIMIZATION_LEVEL = "-Onone";
			};
			name = Debug;
		};
		71D1687E208CBB510094A2DB /* Release */ = {
			isa = XCBuildConfiguration;
			buildSettings = {
				ALWAYS_SEARCH_USER_PATHS = NO;
				CLANG_ANALYZER_NONNULL = YES;
				CLANG_ANALYZER_NUMBER_OBJECT_CONVERSION = YES_AGGRESSIVE;
				CLANG_CXX_LANGUAGE_STANDARD = "gnu++14";
				CLANG_CXX_LIBRARY = "libc++";
				CLANG_ENABLE_MODULES = YES;
				CLANG_ENABLE_OBJC_ARC = YES;
				CLANG_ENABLE_OBJC_WEAK = YES;
				CLANG_WARN_BLOCK_CAPTURE_AUTORELEASING = YES;
				CLANG_WARN_BOOL_CONVERSION = YES;
				CLANG_WARN_COMMA = YES;
				CLANG_WARN_CONSTANT_CONVERSION = YES;
				CLANG_WARN_DEPRECATED_OBJC_IMPLEMENTATIONS = YES;
				CLANG_WARN_DIRECT_OBJC_ISA_USAGE = YES_ERROR;
				CLANG_WARN_DOCUMENTATION_COMMENTS = YES;
				CLANG_WARN_EMPTY_BODY = YES;
				CLANG_WARN_ENUM_CONVERSION = YES;
				CLANG_WARN_INFINITE_RECURSION = YES;
				CLANG_WARN_INT_CONVERSION = YES;
				CLANG_WARN_NON_LITERAL_NULL_CONVERSION = YES;
				CLANG_WARN_OBJC_IMPLICIT_RETAIN_SELF = YES;
				CLANG_WARN_OBJC_LITERAL_CONVERSION = YES;
				CLANG_WARN_OBJC_ROOT_CLASS = YES_ERROR;
				CLANG_WARN_RANGE_LOOP_ANALYSIS = YES;
				CLANG_WARN_STRICT_PROTOTYPES = YES;
				CLANG_WARN_SUSPICIOUS_MOVE = YES;
				CLANG_WARN_UNGUARDED_AVAILABILITY = YES_AGGRESSIVE;
				CLANG_WARN_UNREACHABLE_CODE = YES;
				CLANG_WARN__DUPLICATE_METHOD_MATCH = YES;
				CODE_SIGN_IDENTITY = "iPhone Developer";
				COPY_PHASE_STRIP = NO;
				DEBUG_INFORMATION_FORMAT = "dwarf-with-dsym";
				ENABLE_NS_ASSERTIONS = NO;
				ENABLE_STRICT_OBJC_MSGSEND = YES;
				GCC_C_LANGUAGE_STANDARD = gnu11;
				GCC_NO_COMMON_BLOCKS = YES;
				GCC_WARN_64_TO_32_BIT_CONVERSION = YES;
				GCC_WARN_ABOUT_RETURN_TYPE = YES_ERROR;
				GCC_WARN_UNDECLARED_SELECTOR = YES;
				GCC_WARN_UNINITIALIZED_AUTOS = YES_AGGRESSIVE;
				GCC_WARN_UNUSED_FUNCTION = YES;
				GCC_WARN_UNUSED_VARIABLE = YES;
				IPHONEOS_DEPLOYMENT_TARGET = 11.3;
				MTL_ENABLE_DEBUG_INFO = NO;
				SDKROOT = iphoneos;
				SWIFT_COMPILATION_MODE = wholemodule;
				SWIFT_OPTIMIZATION_LEVEL = "-O";
				VALIDATE_PRODUCT = YES;
			};
			name = Release;
		};
		71D16880208CBB510094A2DB /* Debug */ = {
			isa = XCBuildConfiguration;
			baseConfigurationReference = 15484E4940263915A0980913 /* Pods-Hogshead-SAV.debug.xcconfig */;
			buildSettings = {
				ASSETCATALOG_COMPILER_APPICON_NAME = AppIcon;
				CODE_SIGN_STYLE = Automatic;
				DEVELOPMENT_TEAM = NW7PBZ8655;
				INFOPLIST_FILE = SAV/Info.plist;
				LD_RUNPATH_SEARCH_PATHS = (
					"$(inherited)",
					"@executable_path/Frameworks",
				);
				PRODUCT_BUNDLE_IDENTIFIER = com.raytso.SAV;
				PRODUCT_NAME = "$(TARGET_NAME)";
				SWIFT_VERSION = 4.0;
				TARGETED_DEVICE_FAMILY = "1,2";
			};
			name = Debug;
		};
		71D16881208CBB510094A2DB /* Release */ = {
			isa = XCBuildConfiguration;
			baseConfigurationReference = 5EC6100C2CDFADC7AD155D45 /* Pods-Hogshead-SAV.release.xcconfig */;
			buildSettings = {
				ASSETCATALOG_COMPILER_APPICON_NAME = AppIcon;
				CODE_SIGN_STYLE = Automatic;
				DEVELOPMENT_TEAM = NW7PBZ8655;
				INFOPLIST_FILE = SAV/Info.plist;
				LD_RUNPATH_SEARCH_PATHS = (
					"$(inherited)",
					"@executable_path/Frameworks",
				);
				PRODUCT_BUNDLE_IDENTIFIER = com.raytso.SAV;
				PRODUCT_NAME = "$(TARGET_NAME)";
				SWIFT_VERSION = 4.0;
				TARGETED_DEVICE_FAMILY = "1,2";
			};
			name = Release;
		};
		71D16883208CBB510094A2DB /* Debug */ = {
			isa = XCBuildConfiguration;
			baseConfigurationReference = 360504BADC738038C1F8843B /* Pods-SAVTests.debug.xcconfig */;
			buildSettings = {
				ALWAYS_EMBED_SWIFT_STANDARD_LIBRARIES = YES;
				BUNDLE_LOADER = "$(TEST_HOST)";
				CODE_SIGN_STYLE = Automatic;
				DEVELOPMENT_TEAM = NW7PBZ8655;
				INFOPLIST_FILE = SAVTests/Info.plist;
				LD_RUNPATH_SEARCH_PATHS = (
					"$(inherited)",
					"@executable_path/Frameworks",
					"@loader_path/Frameworks",
				);
				PRODUCT_BUNDLE_IDENTIFIER = com.raytso.SAVTests;
				PRODUCT_NAME = "$(TARGET_NAME)";
				SWIFT_VERSION = 4.0;
				TARGETED_DEVICE_FAMILY = "1,2";
				TEST_HOST = "$(BUILT_PRODUCTS_DIR)/SAV.app/SAV";
			};
			name = Debug;
		};
		71D16884208CBB510094A2DB /* Release */ = {
			isa = XCBuildConfiguration;
			baseConfigurationReference = 751C831500B0F7B750535F5B /* Pods-SAVTests.release.xcconfig */;
			buildSettings = {
				ALWAYS_EMBED_SWIFT_STANDARD_LIBRARIES = YES;
				BUNDLE_LOADER = "$(TEST_HOST)";
				CODE_SIGN_STYLE = Automatic;
				DEVELOPMENT_TEAM = NW7PBZ8655;
				INFOPLIST_FILE = SAVTests/Info.plist;
				LD_RUNPATH_SEARCH_PATHS = (
					"$(inherited)",
					"@executable_path/Frameworks",
					"@loader_path/Frameworks",
				);
				PRODUCT_BUNDLE_IDENTIFIER = com.raytso.SAVTests;
				PRODUCT_NAME = "$(TARGET_NAME)";
				SWIFT_VERSION = 4.0;
				TARGETED_DEVICE_FAMILY = "1,2";
				TEST_HOST = "$(BUILT_PRODUCTS_DIR)/SAV.app/SAV";
			};
			name = Release;
		};
		71D16886208CBB510094A2DB /* Debug */ = {
			isa = XCBuildConfiguration;
			baseConfigurationReference = 753F0759CD1661384BDBEE8F /* Pods-SAVUITests.debug.xcconfig */;
			buildSettings = {
				ALWAYS_EMBED_SWIFT_STANDARD_LIBRARIES = YES;
				CODE_SIGN_STYLE = Automatic;
				DEVELOPMENT_TEAM = NW7PBZ8655;
				INFOPLIST_FILE = SAVUITests/Info.plist;
				LD_RUNPATH_SEARCH_PATHS = (
					"$(inherited)",
					"@executable_path/Frameworks",
					"@loader_path/Frameworks",
				);
				PRODUCT_BUNDLE_IDENTIFIER = com.raytso.SAVUITests;
				PRODUCT_NAME = "$(TARGET_NAME)";
				SWIFT_VERSION = 4.0;
				TARGETED_DEVICE_FAMILY = "1,2";
				TEST_TARGET_NAME = SAV;
			};
			name = Debug;
		};
		71D16887208CBB510094A2DB /* Release */ = {
			isa = XCBuildConfiguration;
			baseConfigurationReference = 260F5B0D3EB01908B50E8F75 /* Pods-SAVUITests.release.xcconfig */;
			buildSettings = {
				ALWAYS_EMBED_SWIFT_STANDARD_LIBRARIES = YES;
				CODE_SIGN_STYLE = Automatic;
				DEVELOPMENT_TEAM = NW7PBZ8655;
				INFOPLIST_FILE = SAVUITests/Info.plist;
				LD_RUNPATH_SEARCH_PATHS = (
					"$(inherited)",
					"@executable_path/Frameworks",
					"@loader_path/Frameworks",
				);
				PRODUCT_BUNDLE_IDENTIFIER = com.raytso.SAVUITests;
				PRODUCT_NAME = "$(TARGET_NAME)";
				SWIFT_VERSION = 4.0;
				TARGETED_DEVICE_FAMILY = "1,2";
				TEST_TARGET_NAME = SAV;
			};
			name = Release;
		};
/* End XCBuildConfiguration section */

/* Begin XCConfigurationList section */
		71D16852208CBB4F0094A2DB /* Build configuration list for PBXProject "SAV" */ = {
			isa = XCConfigurationList;
			buildConfigurations = (
				71D1687D208CBB510094A2DB /* Debug */,
				71D1687E208CBB510094A2DB /* Release */,
			);
			defaultConfigurationIsVisible = 0;
			defaultConfigurationName = Release;
		};
		71D1687F208CBB510094A2DB /* Build configuration list for PBXNativeTarget "SAV" */ = {
			isa = XCConfigurationList;
			buildConfigurations = (
				71D16880208CBB510094A2DB /* Debug */,
				71D16881208CBB510094A2DB /* Release */,
			);
			defaultConfigurationIsVisible = 0;
			defaultConfigurationName = Release;
		};
		71D16882208CBB510094A2DB /* Build configuration list for PBXNativeTarget "SAVTests" */ = {
			isa = XCConfigurationList;
			buildConfigurations = (
				71D16883208CBB510094A2DB /* Debug */,
				71D16884208CBB510094A2DB /* Release */,
			);
			defaultConfigurationIsVisible = 0;
			defaultConfigurationName = Release;
		};
		71D16885208CBB510094A2DB /* Build configuration list for PBXNativeTarget "SAVUITests" */ = {
			isa = XCConfigurationList;
			buildConfigurations = (
				71D16886208CBB510094A2DB /* Debug */,
				71D16887208CBB510094A2DB /* Release */,
			);
			defaultConfigurationIsVisible = 0;
			defaultConfigurationName = Release;
		};
/* End XCConfigurationList section */
	};
	rootObject = 71D1684F208CBB4F0094A2DB /* Project object */;
}
