PODS:
  - Differentiator (3.0.2)
  - RxCocoa (4.1.2):
    - RxSwift (~> 4.0)
  - RxDataSources (3.0.2):
    - Differentiator (~> 3.0)
    - RxCocoa (~> 4.0)
    - RxSwift (~> 4.0)
  - RxSwift (4.1.2)
  - Swinject (2.4.0)
  - SwinjectStoryboard (1.2.1):
    - Swinject (~> 2.3)

DEPENDENCIES:
  - RxCocoa (~> 4.0)
  - RxDataSources (~> 3.0)
  - RxSwift (~> 4.0)
  - Swinject
  - SwinjectStoryboard

SPEC REPOS:
  https://github.com/CocoaPods/Specs.git:
    - Differentiator
    - RxCocoa
    - RxDataSources
    - RxSwift
    - Swinject
    - SwinjectStoryboard

SPEC CHECKSUMS:
  Differentiator: a87be69eba49ec4ab460c7671143ee3a9eececfd
  RxCocoa: d88ba0f1f6abf040011a9eb4b539324fc426843a
  RxDataSources: cb7c31e652a87ebb919da45f716bbb87b3765f6b
  RxSwift: e49536837d9901277638493ea537394d4b55f570
  Swinject: a1364b0f66c2736bb03c1c7cab54809e16df25da
  SwinjectStoryboard: de60d1d30fbf442fe90fc5c31d9fff89cf3ef64f

PODFILE CHECKSUM: 247c8155eeaa9c57d94c1d7a681700401ca12328

COCOAPODS: 1.5.0
